{
  "requires": true,
  "lockfileVersion": 1,
  "dependencies": {
    "vue-layer": {
      "version": "1.2.5",
      "resolved": "https://registry.nlark.com/vue-layer/download/vue-layer-1.2.5.tgz",
      "integrity": "sha1-Km5m6aUG3XTupOUfyivZpRbsj/A="
    },
    "vue-router": {
      "version": "3.5.3",
      "resolved": "https://registry.npmmirror.com/vue-router/download/vue-router-3.5.3.tgz",
      "integrity": "sha1-BBBIBT4zaCnQXa+s9qj7ZpoueZk="
    }
  }
}
